github.com/Jeffail/gabs v1.4.0 h1://5fYRRTq1edjfIrQGvdkcd22pkYUrHZ5YC/H2GJVAo=
github.com/Jeffail/gabs v1.4.0/go.mod h1:6xMvQMK4k33lb7GUUpaAPh6nKMmemQeg5d4gn7/bOXc=
github.com/basgys/goxml2json v1.1.0 h1:4ln5i4rseYfXNd86lGEB+Vi652IsIXIvggKM/BhUKVw=
github.com/basgys/goxml2json v1.1.0/go.mod h1:wH7a5Np/Q4QoECFIU8zTQlZwZkrilY0itPfecMw41Dw=
github.com/go-xmlfmt/xmlfmt v1.1.2 h1:Nea7b4icn8s57fTx1M5AI4qQT5HEM3rVUO8MuE6g80U=
github.com/go-xmlfmt/xmlfmt v1.1.2/go.mod h1:aUCEOzzezBEjDBbFBoSiya/gduyIiWYRP6CnSFIV8AM=
github.com/gorilla/mux v1.8.0 h1:i40aqfkR1h2SlN9hojwV5ZA91wcXFOvkdNIeFDP5koI=
github.com/gorilla/mux v1.8.0/go.mod h1:DVbg23sWSpFRCP0SfiEN6jmj59UnW/n46BH5rLB71So=
github.com/howeyc/fsnotify v0.9.0 h1:0gtV5JmOKH4A8SsFxG2BczSeXWWPvcMT0euZt5gDAxY=
github.com/howeyc/fsnotify v0.9.0/go.mod h1:41HzSPxBGeFRQKEEwgh49TRw/nKBsYZ2cF1OzPjSJsA=
github.com/mattn/go-colorable v0.1.13 h1:fFA4WZxdEF4tXPZVKMLwD8oUnCTTo08duU7wxecdEvA=
github.com/mattn/go-colorable v0.1.13/go.mod h1:7S9/ev0klgBDR4GtXTXX8a3vIGJpMovkB8vQcUbaXHg=
github.com/mattn/go-isatty v0.0.16 h1:bq3VjFmv/sOjHtdEhmkEV4x1AJtvUvOJ2PFAZ5+peKQ=
github.com/mattn/go-isatty v0.0.16/go.mod h1:kYGgaQfpe5nmfYZH+SKPsOc2e4SrIfOl2e/yFXSvRLM=
github.com/pilu/config v0.0.0-20131214182432-3eb99e6c0b9a h1:Tg4E4cXPZSZyd3H1tJlYo6ZreXV0ZJvE/lorNqyw1AU=
github.com/pilu/config v0.0.0-20131214182432-3eb99e6c0b9a/go.mod h1:9Or9aIl95Kp43zONcHd5tLZGKXb9iLx0pZjau0uJ5zg=
github.com/pilu/fresh v0.0.0-20190826141211-0fa698148017 h1:XXDLZIIt9NqdeIEva0DM+z1npM0Tsx6h5TYqwNvXfP0=
github.com/pilu/fresh v0.0.0-20190826141211-0fa698148017/go.mod h1:2LLTtftTZSdAPR/iVyennXZDLZOYzyDn+T0qEKJ8eSw=
github.com/thedevsaddam/gojsonq v2.3.0+incompatible h1:i2lFTvGY4LvoZ2VUzedsFlRiyaWcJm3Uh6cQ9+HyQA8=
github.com/thedevsaddam/gojsonq v2.3.0+incompatible/go.mod h1:RBcQaITThgJAAYKH7FNp2onYodRz8URfsuEGpAch0NA=
golang.org/x/net v0.0.0-20220812174116-3211cb980234 h1:RDqmgfe7SvlMWoqC3xwQ2blLO3fcWcxMa3eBLRdRW7E=
golang.org/x/net v0.0.0-20220812174116-3211cb980234/go.mod h1:YDH+HFinaLZZlnHAfSS6ZXJJ9M9t4Dl22yv3iI2vPwk=
golang.org/x/sys v0.0.0-20220811171246-fbc7d0a398ab h1:2QkjZIsXupsJbJIdSjjUOgWK3aEtzyuh2mPt3l/CkeU=
golang.org/x/sys v0.0.0-20220811171246-fbc7d0a398ab/go.mod h1:oPkhp1MJrh7nUepCBck5+mAzfO9JrbApNNgaTdGDITg=
golang.org/x/text v0.3.7 h1:olpwvP2KacW1ZWvsR7uQhoyTYvKAupfQrRGBFM352Gk=
golang.org/x/text v0.3.7/go.mod h1:u+2+/6zg+i71rQMx5EYifcz6MCKuco9NR6JIITiCfzQ=
